
Microsoft Visual Studio Solution File, Format Version 12.00
# Visual Studio Version 17
VisualStudioVersion = 17.8.34309.116
MinimumVisualStudioVersion = 10.0.40219.1
Project("{FAE04EC0-301F-11D3-BF4B-00C04F79EFBC}") = "PracticalWork1-4", "PracticalWork1-4\PracticalWork1-4.csproj", "{C73E2AC6-5DDA-4A3A-8397-E096F85C04AD}"
EndProject
Global
	GlobalSection(SolutionConfigurationPlatforms) = preSolution
		Debug|Any CPU = Debug|Any CPU
		Release|Any CPU = Release|Any CPU
	EndGlobalSection
	GlobalSection(ProjectConfigurationPlatforms) = postSolution
		{C73E2AC6-5DDA-4A3A-8397-E096F85C04AD}.Debug|Any CPU.ActiveCfg = Debug|Any CPU
		{C73E2AC6-5DDA-4A3A-8397-E096F85C04AD}.Debug|Any CPU.Build.0 = Debug|Any CPU
		{C73E2AC6-5DDA-4A3A-8397-E096F85C04AD}.Release|Any CPU.ActiveCfg = Release|Any CPU
		{C73E2AC6-5DDA-4A3A-8397-E096F85C04AD}.Release|Any CPU.Build.0 = Release|Any CPU
	EndGlobalSection
	GlobalSection(SolutionProperties) = preSolution
		HideSolutionNode = FALSE
	EndGlobalSection
	GlobalSection(ExtensibilityGlobals) = postSolution
		SolutionGuid = {04A258FB-79E9-4F94-94B2-32C6BF59585D}
	EndGlobalSection
EndGlobal
